dependencies:
- name: adminer
  repository: https://cetic.github.io/helm-charts
  version: 0.2.1
- name: postgresql
  repository: oci://registry-1.docker.io/bitnamicharts
  version: 12.5.1
- name: elasticsearch
  repository: oci://registry-1.docker.io/bitnamicharts
  version: 19.8.1
- name: strimzi-kafka-operator
  repository: https://strimzi.io/charts
  version: 0.35.0
- name: schema-registry
  repository: oci://registry-1.docker.io/bitnamicharts
  version: 11.0.0
- name: console
  repository: https://charts.redpanda.com
  version: 0.6.4
- name: questdb
  repository: https://helm.questdb.io
  version: 0.30.0
digest: sha256:1fbf535dc6989619ccadb1c52a876319297cc986038500339b7d4b4abbca6642
generated: "2023-05-27T18:54:14.778467186+07:00"
